{"version":4,"terraform_version":"1.9.0","serial":3,"lineage":"40bbc760-b3e5-ece1-9066-87f9ba5847ff","outputs":{},"resources":[{"mode":"managed","type":"aws_cloudwatch_log_group","name":"log-group","provider":"provider[\"registry.opentofu.org/hashicorp/aws\"]","instances":[{"schema_version":0,"attributes":{"arn":"arn:aws:logs:us-east-1:242040583208:log-group:service-46e9080","id":"service-46e9080","kms_key_id":"","log_group_class":"STANDARD","name":"service-46e9080","name_prefix":"","region":"us-east-1","retention_in_days":0,"skip_destroy":false,"tags":{},"tags_all":{}},"sensitive_attributes":[],"private":"eyJzY2hlbWFfdmVyc2lvbiI6IjAifQ=="}]},{"mode":"managed","type":"aws_ecr_lifecycle_policy","name":"repo-lifecycle-policy","provider":"provider[\"registry.opentofu.org/hashicorp/aws\"]","instances":[{"schema_version":0,"attributes":{"id":"fargate-example/repo","policy":"{\"rules\":[{\"action\":{\"type\":\"expire\"},\"description\":\"remove untagged images\",\"rulePriority\":1,\"selection\":{\"countNumber\":1,\"countType\":\"imageCountMoreThan\",\"tagStatus\":\"untagged\"}}]}","region":"us-east-1","registry_id":"242040583208","repository":"fargate-example/repo"},"sensitive_attributes":[],"private":"eyJzY2hlbWFfdmVyc2lvbiI6IjAifQ=="}]},{"mode":"managed","type":"aws_ecr_repository","name":"repo","provider":"provider[\"registry.opentofu.org/hashicorp/aws\"]","instances":[{"schema_version":0,"attributes":{"arn":"arn:aws:ecr:us-east-1:242040583208:repository/fargate-example/repo","encryption_configuration":[{"encryption_type":"AES256","kms_key":""}],"force_delete":null,"id":"fargate-example/repo","image_scanning_configuration":[{"scan_on_push":true}],"image_tag_mutability":"MUTABLE","name":"fargate-example/repo","region":"us-east-1","registry_id":"242040583208","repository_url":"242040583208.dkr.ecr.us-east-1.amazonaws.com/fargate-example/repo","tags":{},"tags_all":{},"timeouts":null},"sensitive_attributes":[],"private":"eyJlMmJmYjczMC1lY2FhLTExZTYtOGY4OC0zNDM2M2JjN2M0YzAiOnsiZGVsZXRlIjoxMjAwMDAwMDAwMDAwfX0="}]},{"mode":"managed","type":"aws_ecs_cluster","name":"cluster","provider":"provider[\"registry.opentofu.org/hashicorp/aws\"]","instances":[{"schema_version":0,"attributes":{"arn":"arn:aws:ecs:us-east-1:242040583208:cluster/cluster","configuration":[],"id":"arn:aws:ecs:us-east-1:242040583208:cluster/cluster","name":"cluster","region":"us-east-1","service_connect_defaults":[],"setting":[{"name":"containerInsights","value":"disabled"}],"tags":{},"tags_all":{}},"sensitive_attributes":[],"private":"eyJzY2hlbWFfdmVyc2lvbiI6IjAifQ=="}]},{"mode":"managed","type":"aws_ecs_service","name":"service","provider":"provider[\"registry.opentofu.org/hashicorp/aws\"]","instances":[{"schema_version":1,"attributes":{"alarms":[],"arn":"arn:aws:ecs:us-east-1:242040583208:service/cluster/service","availability_zone_rebalancing":"DISABLED","capacity_provider_strategy":[],"cluster":"arn:aws:ecs:us-east-1:242040583208:cluster/cluster","deployment_circuit_breaker":[{"enable":false,"rollback":false}],"deployment_configuration":[],"deployment_controller":[{"type":"ECS"}],"deployment_maximum_percent":200,"deployment_minimum_healthy_percent":100,"desired_count":1,"enable_ecs_managed_tags":false,"enable_execute_command":false,"force_delete":null,"force_new_deployment":null,"health_check_grace_period_seconds":60,"iam_role":"/aws-service-role/ecs.amazonaws.com/AWSServiceRoleForECS","id":"arn:aws:ecs:us-east-1:242040583208:service/cluster/service","launch_type":"FARGATE","load_balancer":[{"advanced_configuration":[],"container_name":"awsx-ecs","container_port":8080,"elb_name":"","target_group_arn":"arn:aws:elasticloadbalancing:us-east-1:242040583208:targetgroup/loadbalancer-7d470c7/402581fc31a904eb"}],"name":"service","network_configuration":[{"assign_public_ip":true,"security_groups":["sg-073147b625fb7e43d"],"subnets":["subnet-0224be5e","subnet-4430a923","subnet-794b6333","subnet-a7234489","subnet-cc1745c3","subnet-f7d579c9"]}],"ordered_placement_strategy":[],"placement_constraints":[],"platform_version":"LATEST","propagate_tags":"NONE","region":"us-east-1","scheduling_strategy":"REPLICA","service_connect_configuration":[],"service_registries":[],"tags":{},"tags_all":{},"task_definition":"service-6c6e6c22:3","timeouts":null,"triggers":{},"volume_configuration":[],"vpc_lattice_configurations":[],"wait_for_steady_state":null},"sensitive_attributes":[],"private":"eyJlMmJmYjczMC1lY2FhLTExZTYtOGY4OC0zNDM2M2JjN2M0YzAiOnsiY3JlYXRlIjoxMjAwMDAwMDAwMDAwLCJkZWxldGUiOjEyMDAwMDAwMDAwMDAsInVwZGF0ZSI6MTIwMDAwMDAwMDAwMH0sInNjaGVtYV92ZXJzaW9uIjoiMSJ9"}]},{"mode":"managed","type":"aws_ecs_task_definition","name":"task-definition","provider":"provider[\"registry.opentofu.org/hashicorp/aws\"]","instances":[{"schema_version":1,"attributes":{"arn":"arn:aws:ecs:us-east-1:242040583208:task-definition/service-6c6e6c22:3","arn_without_revision":"arn:aws:ecs:us-east-1:242040583208:task-definition/service-6c6e6c22","container_definitions":"[{\"cpu\":128,\"environment\":[],\"essential\":true,\"image\":\"242040583208.dkr.ecr.us-east-1.amazonaws.com/cluster-management-poc:working-with-aws-creds\",\"logConfiguration\":{\"logDriver\":\"awslogs\",\"options\":{\"awslogs-stream-prefix\":\"awsx-ecs\",\"awslogs-group\":\"service-46e9080\",\"awslogs-region\":\"us-east-1\"}},\"memory\":512,\"mountPoints\":[],\"name\":\"awsx-ecs\",\"portMappings\":[{\"containerPort\":8080,\"hostPort\":8080,\"protocol\":\"tcp\"}],\"systemControls\":[],\"volumesFrom\":[]}]","cpu":"256","enable_fault_injection":false,"ephemeral_storage":[],"execution_role_arn":"arn:aws:iam::242040583208:role/service-execution-09efb7d","family":"service-6c6e6c22","id":"service-6c6e6c22","ipc_mode":"","memory":"512","network_mode":"awsvpc","pid_mode":"","placement_constraints":[],"proxy_configuration":[],"region":"us-east-1","requires_compatibilities":["FARGATE"],"revision":3,"runtime_platform":[{"cpu_architecture":"ARM64","operating_system_family":"LINUX"}],"skip_destroy":null,"tags":{},"tags_all":{},"task_role_arn":"arn:aws:iam::242040583208:role/taskRole-bd0c737","track_latest":false,"volume":[]},"sensitive_attributes":[],"private":"eyJzY2hlbWFfdmVyc2lvbiI6IjEifQ=="}]},{"mode":"managed","type":"aws_iam_role","name":"service-execution-role","provider":"provider[\"registry.opentofu.org/hashicorp/aws\"]","instances":[{"schema_version":0,"attributes":{"arn":"arn:aws:iam::242040583208:role/service-execution-09efb7d","assume_role_policy":"{\"Statement\":[{\"Action\":\"sts:AssumeRole\",\"Effect\":\"Allow\",\"Principal\":{\"Service\":\"ecs-tasks.amazonaws.com\"},\"Sid\":\"\"}],\"Version\":\"2012-10-17\"}","create_date":"2025-07-29T17:32:40Z","description":"","force_detach_policies":false,"id":"service-execution-09efb7d","inline_policy":[],"managed_policy_arns":["arn:aws:iam::aws:policy/service-role/AmazonECSTaskExecutionRolePolicy"],"max_session_duration":3600,"name":"service-execution-09efb7d","name_prefix":"","path":"/","permissions_boundary":"","tags":{},"tags_all":{},"unique_id":"AROATQWV6GQUIPK7U6OFE"},"sensitive_attributes":[],"private":"eyJzY2hlbWFfdmVyc2lvbiI6IjAifQ=="}]},{"mode":"managed","type":"aws_iam_role","name":"task-role","provider":"provider[\"registry.opentofu.org/hashicorp/aws\"]","instances":[{"schema_version":0,"attributes":{"arn":"arn:aws:iam::242040583208:role/taskRole-bd0c737","assume_role_policy":"{\"Statement\":[{\"Action\":\"sts:AssumeRole\",\"Effect\":\"Allow\",\"Principal\":{\"Service\":\"ecs-tasks.amazonaws.com\"}}],\"Version\":\"2012-10-17\"}","create_date":"2025-07-29T18:07:53Z","description":"","force_detach_policies":false,"id":"taskRole-bd0c737","inline_policy":[],"managed_policy_arns":["arn:aws:iam::aws:policy/AdministratorAccess"],"max_session_duration":3600,"name":"taskRole-bd0c737","name_prefix":"","path":"/","permissions_boundary":"","tags":{},"tags_all":{},"unique_id":"AROATQWV6GQUDNDDPY67R"},"sensitive_attributes":[],"private":"eyJzY2hlbWFfdmVyc2lvbiI6IjAifQ=="}]},{"mode":"managed","type":"aws_iam_role_policy_attachment","name":"service-execution-role-policy-attachment","provider":"provider[\"registry.opentofu.org/hashicorp/aws\"]","instances":[{"schema_version":0,"attributes":{"id":"service-execution-09efb7d/arn:aws:iam::aws:policy/service-role/AmazonECSTaskExecutionRolePolicy","policy_arn":"arn:aws:iam::aws:policy/service-role/AmazonECSTaskExecutionRolePolicy","role":"service-execution-09efb7d"},"sensitive_attributes":[],"private":"eyJzY2hlbWFfdmVyc2lvbiI6IjAifQ=="}]},{"mode":"managed","type":"aws_iam_role_policy_attachment","name":"task-role-policy-attachment","provider":"provider[\"registry.opentofu.org/hashicorp/aws\"]","instances":[{"schema_version":0,"attributes":{"id":"taskRole-bd0c737/arn:aws:iam::aws:policy/AdministratorAccess","policy_arn":"arn:aws:iam::aws:policy/AdministratorAccess","role":"taskRole-bd0c737"},"sensitive_attributes":[],"private":"eyJzY2hlbWFfdmVyc2lvbiI6IjAifQ=="}]},{"mode":"managed","type":"aws_lb","name":"loadbalancer","provider":"provider[\"registry.opentofu.org/hashicorp/aws\"]","instances":[{"schema_version":0,"attributes":{"access_logs":[{"bucket":"","enabled":false,"prefix":""}],"arn":"arn:aws:elasticloadbalancing:us-east-1:242040583208:loadbalancer/app/loadbalancer/0387db348ef7779e","arn_suffix":"app/loadbalancer/0387db348ef7779e","client_keep_alive":3600,"connection_logs":[{"bucket":"","enabled":false,"prefix":""}],"customer_owned_ipv4_pool":"","desync_mitigation_mode":"defensive","dns_name":"loadbalancer-257372340.us-east-1.elb.amazonaws.com","dns_record_client_routing_policy":null,"drop_invalid_header_fields":false,"enable_cross_zone_load_balancing":true,"enable_deletion_protection":false,"enable_http2":true,"enable_tls_version_and_cipher_suite_headers":false,"enable_waf_fail_open":false,"enable_xff_client_port":false,"enable_zonal_shift":false,"enforce_security_group_inbound_rules_on_private_link_traffic":"","id":"arn:aws:elasticloadbalancing:us-east-1:242040583208:loadbalancer/app/loadbalancer/0387db348ef7779e","idle_timeout":60,"internal":false,"ip_address_type":"ipv4","ipam_pools":[],"load_balancer_type":"application","minimum_load_balancer_capacity":[],"name":"loadbalancer","name_prefix":"","preserve_host_header":false,"region":"us-east-1","security_groups":["sg-06a4066defbdb0a12"],"subnet_mapping":[{"allocation_id":"","ipv6_address":"","outpost_id":"","private_ipv4_address":"","subnet_id":"subnet-0224be5e"},{"allocation_id":"","ipv6_address":"","outpost_id":"","private_ipv4_address":"","subnet_id":"subnet-4430a923"},{"allocation_id":"","ipv6_address":"","outpost_id":"","private_ipv4_address":"","subnet_id":"subnet-794b6333"},{"allocation_id":"","ipv6_address":"","outpost_id":"","private_ipv4_address":"","subnet_id":"subnet-a7234489"},{"allocation_id":"","ipv6_address":"","outpost_id":"","private_ipv4_address":"","subnet_id":"subnet-cc1745c3"},{"allocation_id":"","ipv6_address":"","outpost_id":"","private_ipv4_address":"","subnet_id":"subnet-f7d579c9"}],"subnets":["subnet-0224be5e","subnet-4430a923","subnet-794b6333","subnet-a7234489","subnet-cc1745c3","subnet-f7d579c9"],"tags":{},"tags_all":{},"timeouts":null,"vpc_id":"vpc-8b5ce9f1","xff_header_processing_mode":"append","zone_id":"Z35SXDOTRQ7X7K"},"sensitive_attributes":[],"private":"eyJlMmJmYjczMC1lY2FhLTExZTYtOGY4OC0zNDM2M2JjN2M0YzAiOnsiY3JlYXRlIjo2MDAwMDAwMDAwMDAsImRlbGV0ZSI6NjAwMDAwMDAwMDAwLCJ1cGRhdGUiOjYwMDAwMDAwMDAwMH0sInNjaGVtYV92ZXJzaW9uIjoiMCJ9"}]},{"mode":"managed","type":"aws_lb_listener","name":"loadbalancer-listener","provider":"provider[\"registry.opentofu.org/hashicorp/aws\"]","instances":[{"schema_version":0,"attributes":{"alpn_policy":null,"arn":"arn:aws:elasticloadbalancing:us-east-1:242040583208:listener/app/loadbalancer/0387db348ef7779e/6d6a1b2a4300490e","certificate_arn":null,"default_action":[{"authenticate_cognito":[],"authenticate_oidc":[],"fixed_response":[],"forward":[{"stickiness":[{"duration":0,"enabled":false}],"target_group":[{"arn":"arn:aws:elasticloadbalancing:us-east-1:242040583208:targetgroup/loadbalancer-7d470c7/402581fc31a904eb","weight":1}]}],"order":1,"redirect":[],"target_group_arn":"arn:aws:elasticloadbalancing:us-east-1:242040583208:targetgroup/loadbalancer-7d470c7/402581fc31a904eb","type":"forward"}],"id":"arn:aws:elasticloadbalancing:us-east-1:242040583208:listener/app/loadbalancer/0387db348ef7779e/6d6a1b2a4300490e","load_balancer_arn":"arn:aws:elasticloadbalancing:us-east-1:242040583208:loadbalancer/app/loadbalancer/0387db348ef7779e","mutual_authentication":[],"port":80,"protocol":"HTTP","region":"us-east-1","routing_http_request_x_amzn_mtls_clientcert_header_name":null,"routing_http_request_x_amzn_mtls_clientcert_issuer_header_name":null,"routing_http_request_x_amzn_mtls_clientcert_leaf_header_name":null,"routing_http_request_x_amzn_mtls_clientcert_serial_number_header_name":null,"routing_http_request_x_amzn_mtls_clientcert_subject_header_name":null,"routing_http_request_x_amzn_mtls_clientcert_validity_header_name":null,"routing_http_request_x_amzn_tls_cipher_suite_header_name":null,"routing_http_request_x_amzn_tls_version_header_name":null,"routing_http_response_access_control_allow_credentials_header_value":"","routing_http_response_access_control_allow_headers_header_value":"","routing_http_response_access_control_allow_methods_header_value":"","routing_http_response_access_control_allow_origin_header_value":"","routing_http_response_access_control_expose_headers_header_value":"","routing_http_response_access_control_max_age_header_value":"","routing_http_response_content_security_policy_header_value":"","routing_http_response_server_enabled":true,"routing_http_response_strict_transport_security_header_value":"","routing_http_response_x_content_type_options_header_value":"","routing_http_response_x_frame_options_header_value":"","ssl_policy":"","tags":{},"tags_all":{},"tcp_idle_timeout_seconds":null,"timeouts":null},"sensitive_attributes":[],"private":"eyJlMmJmYjczMC1lY2FhLTExZTYtOGY4OC0zNDM2M2JjN2M0YzAiOnsiY3JlYXRlIjozMDAwMDAwMDAwMDAsInVwZGF0ZSI6MzAwMDAwMDAwMDAwfSwic2NoZW1hX3ZlcnNpb24iOiIwIn0="}]},{"mode":"managed","type":"aws_lb_target_group","name":"target-group","provider":"provider[\"registry.opentofu.org/hashicorp/aws\"]","instances":[{"schema_version":0,"attributes":{"arn":"arn:aws:elasticloadbalancing:us-east-1:242040583208:targetgroup/loadbalancer-7d470c7/402581fc31a904eb","arn_suffix":"targetgroup/loadbalancer-7d470c7/402581fc31a904eb","connection_termination":null,"deregistration_delay":"300","health_check":[{"enabled":true,"healthy_threshold":2,"interval":60,"matcher":"200","path":"/clusters","port":"traffic-port","protocol":"HTTP","timeout":10,"unhealthy_threshold":5}],"id":"arn:aws:elasticloadbalancing:us-east-1:242040583208:targetgroup/loadbalancer-7d470c7/402581fc31a904eb","ip_address_type":"ipv4","lambda_multi_value_headers_enabled":null,"load_balancer_arns":["arn:aws:elasticloadbalancing:us-east-1:242040583208:loadbalancer/app/loadbalancer/0387db348ef7779e"],"load_balancing_algorithm_type":"round_robin","load_balancing_anomaly_mitigation":"off","load_balancing_cross_zone_enabled":"use_load_balancer_configuration","name":"loadbalancer-7d470c7","name_prefix":"","port":8080,"preserve_client_ip":null,"protocol":"HTTP","protocol_version":"HTTP1","proxy_protocol_v2":null,"region":"us-east-1","slow_start":0,"stickiness":[{"cookie_duration":86400,"cookie_name":"","enabled":false,"type":"lb_cookie"}],"tags":{},"tags_all":{},"target_failover":[{"on_deregistration":null,"on_unhealthy":null}],"target_group_health":[{"dns_failover":[{"minimum_healthy_targets_count":"1","minimum_healthy_targets_percentage":"off"}],"unhealthy_state_routing":[{"minimum_healthy_targets_count":1,"minimum_healthy_targets_percentage":"off"}]}],"target_health_state":[{"enable_unhealthy_connection_termination":null,"unhealthy_draining_interval":null}],"target_type":"ip","vpc_id":"vpc-8b5ce9f1"},"sensitive_attributes":[],"private":"eyJzY2hlbWFfdmVyc2lvbiI6IjAifQ=="}]},{"mode":"managed","type":"aws_security_group","name":"security-group-1","provider":"provider[\"registry.opentofu.org/hashicorp/aws\"]","instances":[{"schema_version":1,"attributes":{"arn":"arn:aws:ec2:us-east-1:242040583208:security-group/sg-06a4066defbdb0a12","description":"Managed by Pulumi","egress":[{"cidr_blocks":["0.0.0.0/0"],"description":"","from_port":0,"ipv6_cidr_blocks":["::/0"],"prefix_list_ids":[],"protocol":"tcp","security_groups":[],"self":false,"to_port":65535}],"id":"sg-06a4066defbdb0a12","ingress":[{"cidr_blocks":["0.0.0.0/0"],"description":"","from_port":0,"ipv6_cidr_blocks":["::/0"],"prefix_list_ids":[],"protocol":"-1","security_groups":[],"self":false,"to_port":0}],"name":"loadbalancer-faeb924","name_prefix":"","owner_id":"242040583208","region":"us-east-1","revoke_rules_on_delete":null,"tags":{},"tags_all":{},"timeouts":null,"vpc_id":"vpc-8b5ce9f1"},"sensitive_attributes":[],"private":"eyJlMmJmYjczMC1lY2FhLTExZTYtOGY4OC0zNDM2M2JjN2M0YzAiOnsiY3JlYXRlIjo2MDAwMDAwMDAwMDAsImRlbGV0ZSI6OTAwMDAwMDAwMDAwfSwic2NoZW1hX3ZlcnNpb24iOiIxIn0="}]},{"mode":"managed","type":"aws_security_group","name":"security-group-2","provider":"provider[\"registry.opentofu.org/hashicorp/aws\"]","instances":[{"schema_version":1,"attributes":{"arn":"arn:aws:ec2:us-east-1:242040583208:security-group/sg-073147b625fb7e43d","description":"Managed by Pulumi","egress":[{"cidr_blocks":["0.0.0.0/0"],"description":"","from_port":0,"ipv6_cidr_blocks":["::/0"],"prefix_list_ids":[],"protocol":"tcp","security_groups":[],"self":false,"to_port":65535}],"id":"sg-073147b625fb7e43d","ingress":[{"cidr_blocks":["0.0.0.0/0"],"description":"","from_port":0,"ipv6_cidr_blocks":["::/0"],"prefix_list_ids":[],"protocol":"-1","security_groups":[],"self":false,"to_port":0}],"name":"service-sg-6f3f4a1","name_prefix":"","owner_id":"242040583208","region":"us-east-1","revoke_rules_on_delete":null,"tags":{},"tags_all":{},"timeouts":null,"vpc_id":"vpc-8b5ce9f1"},"sensitive_attributes":[],"private":"eyJlMmJmYjczMC1lY2FhLTExZTYtOGY4OC0zNDM2M2JjN2M0YzAiOnsiY3JlYXRlIjo2MDAwMDAwMDAwMDAsImRlbGV0ZSI6OTAwMDAwMDAwMDAwfSwic2NoZW1hX3ZlcnNpb24iOiIxIn0="}]}],"check_results":null}
